
Microsoft Visual Studio Solution File, Format Version 12.00
# Visual Studio Version 16
VisualStudioVersion = 16.0.28803.156
MinimumVisualStudioVersion = 10.0.40219.1
Project("{2150E333-8FDC-42A3-9474-1A3956D46DE8}") = "src", "src", "{994A5E06-3849-41A8-8F86-20E28300823C}"
EndProject
Project("{2150E333-8FDC-42A3-9474-1A3956D46DE8}") = "test", "test", "{DF3D4726-DC09-4B40-AF47-2824BB23CC4C}"
EndProject
Project("{FAE04EC0-301F-11D3-BF4B-00C04F79EFBC}") = "Domain", "src\Domain\Domain.csproj", "{68F8E460-DD2D-4DAA-9775-B05B851F6FD6}"
EndProject
Project("{FAE04EC0-301F-11D3-BF4B-00C04F79EFBC}") = "Api", "src\Api\Api.csproj", "{4C6C3325-DFCD-4324-9603-6C0BBFF81DB9}"
EndProject
Project("{FAE04EC0-301F-11D3-BF4B-00C04F79EFBC}") = "Write", "src\Write\Write.csproj", "{C12471D5-1377-42AC-B07D-7794CAAEF0C4}"
EndProject
Project("{FAE04EC0-301F-11D3-BF4B-00C04F79EFBC}") = "Read", "Read\Read.csproj", "{239E830B-CB49-479B-B9FC-ED38BB97999A}"
EndProject
Global
	GlobalSection(SolutionConfigurationPlatforms) = preSolution
		Debug|Any CPU = Debug|Any CPU
		Release|Any CPU = Release|Any CPU
	EndGlobalSection
	GlobalSection(ProjectConfigurationPlatforms) = postSolution
		{68F8E460-DD2D-4DAA-9775-B05B851F6FD6}.Debug|Any CPU.ActiveCfg = Debug|Any CPU
		{68F8E460-DD2D-4DAA-9775-B05B851F6FD6}.Debug|Any CPU.Build.0 = Debug|Any CPU
		{68F8E460-DD2D-4DAA-9775-B05B851F6FD6}.Release|Any CPU.ActiveCfg = Release|Any CPU
		{68F8E460-DD2D-4DAA-9775-B05B851F6FD6}.Release|Any CPU.Build.0 = Release|Any CPU
		{4C6C3325-DFCD-4324-9603-6C0BBFF81DB9}.Debug|Any CPU.ActiveCfg = Debug|Any CPU
		{4C6C3325-DFCD-4324-9603-6C0BBFF81DB9}.Debug|Any CPU.Build.0 = Debug|Any CPU
		{4C6C3325-DFCD-4324-9603-6C0BBFF81DB9}.Release|Any CPU.ActiveCfg = Release|Any CPU
		{4C6C3325-DFCD-4324-9603-6C0BBFF81DB9}.Release|Any CPU.Build.0 = Release|Any CPU
		{C12471D5-1377-42AC-B07D-7794CAAEF0C4}.Debug|Any CPU.ActiveCfg = Debug|Any CPU
		{C12471D5-1377-42AC-B07D-7794CAAEF0C4}.Debug|Any CPU.Build.0 = Debug|Any CPU
		{C12471D5-1377-42AC-B07D-7794CAAEF0C4}.Release|Any CPU.ActiveCfg = Release|Any CPU
		{C12471D5-1377-42AC-B07D-7794CAAEF0C4}.Release|Any CPU.Build.0 = Release|Any CPU
		{239E830B-CB49-479B-B9FC-ED38BB97999A}.Debug|Any CPU.ActiveCfg = Debug|Any CPU
		{239E830B-CB49-479B-B9FC-ED38BB97999A}.Debug|Any CPU.Build.0 = Debug|Any CPU
		{239E830B-CB49-479B-B9FC-ED38BB97999A}.Release|Any CPU.ActiveCfg = Release|Any CPU
		{239E830B-CB49-479B-B9FC-ED38BB97999A}.Release|Any CPU.Build.0 = Release|Any CPU
	EndGlobalSection
	GlobalSection(SolutionProperties) = preSolution
		HideSolutionNode = FALSE
	EndGlobalSection
	GlobalSection(NestedProjects) = preSolution
		{68F8E460-DD2D-4DAA-9775-B05B851F6FD6} = {994A5E06-3849-41A8-8F86-20E28300823C}
		{4C6C3325-DFCD-4324-9603-6C0BBFF81DB9} = {994A5E06-3849-41A8-8F86-20E28300823C}
		{C12471D5-1377-42AC-B07D-7794CAAEF0C4} = {994A5E06-3849-41A8-8F86-20E28300823C}
		{239E830B-CB49-479B-B9FC-ED38BB97999A} = {994A5E06-3849-41A8-8F86-20E28300823C}
	EndGlobalSection
	GlobalSection(ExtensibilityGlobals) = postSolution
		SolutionGuid = {0E6A2E34-1373-43C9-B0EC-DE9487B4BDF0}
	EndGlobalSection
EndGlobal
